
Microsoft Visual Studio Solution File, Format Version 12.00
# Visual Studio Version 17
VisualStudioVersion = 17.6.33815.320
MinimumVisualStudioVersion = 10.0.40219.1
Project("{FAE04EC0-301F-11D3-BF4B-00C04F79EFBC}") = "Witcher3-Multiplayer", "Witcher3-Multiplayer\Witcher3-Multiplayer.csproj", "{5213CCB5-DDF0-4341-BFF2-F7FD1DFE9B05}"
EndProject
Global
	GlobalSection(SolutionConfigurationPlatforms) = preSolution
		Debug|Any CPU = Debug|Any CPU
		Release|Any CPU = Release|Any CPU
	EndGlobalSection
	GlobalSection(ProjectConfigurationPlatforms) = postSolution
		{5213CCB5-DDF0-4341-BFF2-F7FD1DFE9B05}.Debug|Any CPU.ActiveCfg = Debug|Any CPU
		{5213CCB5-DDF0-4341-BFF2-F7FD1DFE9B05}.Debug|Any CPU.Build.0 = Debug|Any CPU
		{5213CCB5-DDF0-4341-BFF2-F7FD1DFE9B05}.Release|Any CPU.ActiveCfg = Release|Any CPU
		{5213CCB5-DDF0-4341-BFF2-F7FD1DFE9B05}.Release|Any CPU.Build.0 = Release|Any CPU
	EndGlobalSection
	GlobalSection(SolutionProperties) = preSolution
		HideSolutionNode = FALSE
	EndGlobalSection
	GlobalSection(ExtensibilityGlobals) = postSolution
		SolutionGuid = {317329BB-F85E-4AE3-99FE-78E9DE344085}
	EndGlobalSection
EndGlobal
